
Microsoft Visual Studio Solution File, Format Version 12.00
# Visual Studio Version 17
VisualStudioVersion = 17.0.31903.59
MinimumVisualStudioVersion = 10.0.40219.1
Project("{9A19103F-16F7-4668-BE54-9A1E7A4F7556}") = "Tapsi.Ordering.Api", "Tapsi.Ordering.Api\Tapsi.Ordering.Api.csproj", "{0F89A008-4CAA-4789-AB89-1339817CBFC9}"
EndProject
Project("{9A19103F-16F7-4668-BE54-9A1E7A4F7556}") = "Tapsi.Ordering.Application", "Tapsi.Ordering.Application\Tapsi.Ordering.Application.csproj", "{BC109242-EC0F-4628-A8E6-4B5652242CA6}"
EndProject
Project("{9A19103F-16F7-4668-BE54-9A1E7A4F7556}") = "Tapsi.Ordering.Domain", "Tapsi.Ordering.Domain\Tapsi.Ordering.Domain.csproj", "{125DE1EE-1C25-48D6-98D3-EDDF4BC63E0D}"
EndProject
Project("{9A19103F-16F7-4668-BE54-9A1E7A4F7556}") = "Tapsi.Ordering.Infrastructure", "Tapsi.Ordering.Infrastructure\Tapsi.Ordering.Infrastructure.csproj", "{392D7E6F-BCCA-40AC-ADAA-E5399D32BFB6}"
EndProject
Project("{9A19103F-16F7-4668-BE54-9A1E7A4F7556}") = "Tapsi.Ordering.Utility", "Tapsi.Ordering.Utility\Tapsi.Ordering.Utility.csproj", "{BAAD00F4-E466-47C7-AC42-BC62778A517D}"
EndProject
Project("{FAE04EC0-301F-11D3-BF4B-00C04F79EFBC}") = "Tapsi.Ordering.Identity", "Tapsi.Ordering.Identity\Tapsi.Ordering.Identity.csproj", "{386904F8-330C-4F2F-AE7A-D57A7C95C45A}"
EndProject
Project("{FAE04EC0-301F-11D3-BF4B-00C04F79EFBC}") = "Tapsi.Ordering.Test", "Tapsi.Ordering.Test\Tapsi.Ordering.Test.csproj", "{F335FBEB-1921-4831-BE21-4DA7A12D6B79}"
EndProject
Global
	GlobalSection(SolutionConfigurationPlatforms) = preSolution
		Debug|Any CPU = Debug|Any CPU
		Release|Any CPU = Release|Any CPU
	EndGlobalSection
	GlobalSection(ProjectConfigurationPlatforms) = postSolution
		{0F89A008-4CAA-4789-AB89-1339817CBFC9}.Debug|Any CPU.ActiveCfg = Debug|Any CPU
		{0F89A008-4CAA-4789-AB89-1339817CBFC9}.Debug|Any CPU.Build.0 = Debug|Any CPU
		{0F89A008-4CAA-4789-AB89-1339817CBFC9}.Release|Any CPU.ActiveCfg = Release|Any CPU
		{0F89A008-4CAA-4789-AB89-1339817CBFC9}.Release|Any CPU.Build.0 = Release|Any CPU
		{BC109242-EC0F-4628-A8E6-4B5652242CA6}.Debug|Any CPU.ActiveCfg = Debug|Any CPU
		{BC109242-EC0F-4628-A8E6-4B5652242CA6}.Debug|Any CPU.Build.0 = Debug|Any CPU
		{BC109242-EC0F-4628-A8E6-4B5652242CA6}.Release|Any CPU.ActiveCfg = Release|Any CPU
		{BC109242-EC0F-4628-A8E6-4B5652242CA6}.Release|Any CPU.Build.0 = Release|Any CPU
		{125DE1EE-1C25-48D6-98D3-EDDF4BC63E0D}.Debug|Any CPU.ActiveCfg = Debug|Any CPU
		{125DE1EE-1C25-48D6-98D3-EDDF4BC63E0D}.Debug|Any CPU.Build.0 = Debug|Any CPU
		{125DE1EE-1C25-48D6-98D3-EDDF4BC63E0D}.Release|Any CPU.ActiveCfg = Release|Any CPU
		{125DE1EE-1C25-48D6-98D3-EDDF4BC63E0D}.Release|Any CPU.Build.0 = Release|Any CPU
		{392D7E6F-BCCA-40AC-ADAA-E5399D32BFB6}.Debug|Any CPU.ActiveCfg = Debug|Any CPU
		{392D7E6F-BCCA-40AC-ADAA-E5399D32BFB6}.Debug|Any CPU.Build.0 = Debug|Any CPU
		{392D7E6F-BCCA-40AC-ADAA-E5399D32BFB6}.Release|Any CPU.ActiveCfg = Release|Any CPU
		{392D7E6F-BCCA-40AC-ADAA-E5399D32BFB6}.Release|Any CPU.Build.0 = Release|Any CPU
		{BAAD00F4-E466-47C7-AC42-BC62778A517D}.Debug|Any CPU.ActiveCfg = Debug|Any CPU
		{BAAD00F4-E466-47C7-AC42-BC62778A517D}.Debug|Any CPU.Build.0 = Debug|Any CPU
		{BAAD00F4-E466-47C7-AC42-BC62778A517D}.Release|Any CPU.ActiveCfg = Release|Any CPU
		{BAAD00F4-E466-47C7-AC42-BC62778A517D}.Release|Any CPU.Build.0 = Release|Any CPU
		{386904F8-330C-4F2F-AE7A-D57A7C95C45A}.Debug|Any CPU.ActiveCfg = Debug|Any CPU
		{386904F8-330C-4F2F-AE7A-D57A7C95C45A}.Debug|Any CPU.Build.0 = Debug|Any CPU
		{386904F8-330C-4F2F-AE7A-D57A7C95C45A}.Release|Any CPU.ActiveCfg = Release|Any CPU
		{386904F8-330C-4F2F-AE7A-D57A7C95C45A}.Release|Any CPU.Build.0 = Release|Any CPU
		{F335FBEB-1921-4831-BE21-4DA7A12D6B79}.Debug|Any CPU.ActiveCfg = Debug|Any CPU
		{F335FBEB-1921-4831-BE21-4DA7A12D6B79}.Debug|Any CPU.Build.0 = Debug|Any CPU
		{F335FBEB-1921-4831-BE21-4DA7A12D6B79}.Release|Any CPU.ActiveCfg = Release|Any CPU
		{F335FBEB-1921-4831-BE21-4DA7A12D6B79}.Release|Any CPU.Build.0 = Release|Any CPU
	EndGlobalSection
	GlobalSection(SolutionProperties) = preSolution
		HideSolutionNode = FALSE
	EndGlobalSection
EndGlobal
